
Microsoft Visual Studio Solution File, Format Version 12.00
# Visual Studio Version 16
VisualStudioVersion = 16.0.29123.88
MinimumVisualStudioVersion = 10.0.40219.1
Project("{FAE04EC0-301F-11D3-BF4B-00C04F79EFBC}") = "MatchingGame", "MatchingGame.csproj", "{76299849-AF30-4D1F-B50D-61D0A93AF523}"
EndProject
Global
	GlobalSection(SolutionConfigurationPlatforms) = preSolution
		Debug|Any CPU = Debug|Any CPU
		Release|Any CPU = Release|Any CPU
	EndGlobalSection
	GlobalSection(ProjectConfigurationPlatforms) = postSolution
		{76299849-AF30-4D1F-B50D-61D0A93AF523}.Debug|Any CPU.ActiveCfg = Debug|Any CPU
		{76299849-AF30-4D1F-B50D-61D0A93AF523}.Debug|Any CPU.Build.0 = Debug|Any CPU
		{76299849-AF30-4D1F-B50D-61D0A93AF523}.Release|Any CPU.ActiveCfg = Release|Any CPU
		{76299849-AF30-4D1F-B50D-61D0A93AF523}.Release|Any CPU.Build.0 = Release|Any CPU
	EndGlobalSection
	GlobalSection(SolutionProperties) = preSolution
		HideSolutionNode = FALSE
	EndGlobalSection
	GlobalSection(ExtensibilityGlobals) = postSolution
		SolutionGuid = {A1F01A1A-D942-48D6-AF9A-A845562058B8}
	EndGlobalSection
EndGlobal
