
Microsoft Visual Studio Solution File, Format Version 12.00
# Visual Studio Version 16
VisualStudioVersion = 16.0.29123.88
MinimumVisualStudioVersion = 10.0.40219.1
Project("{FAE04EC0-301F-11D3-BF4B-00C04F79EFBC}") = "MatchingGame", "MatchingGame.csproj", "{7B5B5C6A-4782-477B-9104-CBAB7CBE46CB}"
EndProject
Global
	GlobalSection(SolutionConfigurationPlatforms) = preSolution
		Debug|Any CPU = Debug|Any CPU
		Release|Any CPU = Release|Any CPU
	EndGlobalSection
	GlobalSection(ProjectConfigurationPlatforms) = postSolution
		{7B5B5C6A-4782-477B-9104-CBAB7CBE46CB}.Debug|Any CPU.ActiveCfg = Debug|Any CPU
		{7B5B5C6A-4782-477B-9104-CBAB7CBE46CB}.Debug|Any CPU.Build.0 = Debug|Any CPU
		{7B5B5C6A-4782-477B-9104-CBAB7CBE46CB}.Release|Any CPU.ActiveCfg = Release|Any CPU
		{7B5B5C6A-4782-477B-9104-CBAB7CBE46CB}.Release|Any CPU.Build.0 = Release|Any CPU
	EndGlobalSection
	GlobalSection(SolutionProperties) = preSolution
		HideSolutionNode = FALSE
	EndGlobalSection
	GlobalSection(ExtensibilityGlobals) = postSolution
		SolutionGuid = {00C3BBEF-D460-4068-8A11-7A614A1230FE}
	EndGlobalSection
EndGlobal
